// !$*UTF8*$!
{
	archiveVersion = 1;
	classes = {
	};
	objectVersion = 50;
	objects = {

/* Begin PBXBuildFile section */
		8512EDC32492290C0041D08F /* main.m in Sources */ = {isa = PBXBuildFile; fileRef = 8512EDC22492290C0041D08F /* main.m */; };
		8512EDDC2492294D0041D08F /* libobjc.A.dylib in Frameworks */ = {isa = PBXBuildFile; fileRef = 8512EDD1249229250041D08F /* libobjc.A.dylib */; };
/* End PBXBuildFile section */

/* Begin PBXContainerItemProxy section */
		8512EDD0249229250041D08F /* PBXContainerItemProxy */ = {
			isa = PBXContainerItemProxy;
			containerPortal = 8512EDC9249229250041D08F /* objc.xcodeproj */;
			proxyType = 2;
			remoteGlobalIDString = D2AAC0630554660B00DB518D;
			remoteInfo = objc;
		};
		8512EDD2249229250041D08F /* PBXContainerItemProxy */ = {
			isa = PBXContainerItemProxy;
			containerPortal = 8512EDC9249229250041D08F /* objc.xcodeproj */;
			proxyType = 2;
			remoteGlobalIDString = F9BCC727205C68E800DD9AFC;
			remoteInfo = "objc-trampolines";
		};
		8512EDD5249229470041D08F /* PBXContainerItemProxy */ = {
			isa = PBXContainerItemProxy;
			containerPortal = 8512EDC9249229250041D08F /* objc.xcodeproj */;
			proxyType = 1;
			remoteGlobalIDString = D2AAC0620554660B00DB518D;
			remoteInfo = objc;
		};
/* End PBXContainerItemProxy section */

/* Begin PBXCopyFilesBuildPhase section */
		8512EDBD2492290C0041D08F /* CopyFiles */ = {
			isa = PBXCopyFilesBuildPhase;
			buildActionMask = 2147483647;
			dstPath = /usr/share/man/man1/;
			dstSubfolderSpec = 0;
			files = (
			);
			runOnlyForDeploymentPostprocessing = 1;
		};
/* End PBXCopyFilesBuildPhase section */

/* Begin PBXFileReference section */
		8512EDBF2492290C0041D08F /* objc_debug */ = {isa = PBXFileReference; explicitFileType = "compiled.mach-o.executable"; includeInIndex = 0; path = objc_debug; sourceTree = BUILT_PRODUCTS_DIR; };
		8512EDC22492290C0041D08F /* main.m */ = {isa = PBXFileReference; lastKnownFileType = sourcecode.c.objc; path = main.m; sourceTree = "<group>"; };
		8512EDC9249229250041D08F /* objc.xcodeproj */ = {isa = PBXFileReference; lastKnownFileType = "wrapper.pb-project"; name = objc.xcodeproj; path = "../objc4-781/objc.xcodeproj"; sourceTree = "<group>"; };
/* End PBXFileReference section */

/* Begin PBXFrameworksBuildPhase section */
		8512EDBC2492290C0041D08F /* Frameworks */ = {
			isa = PBXFrameworksBuildPhase;
			buildActionMask = 2147483647;
			files = (
				8512EDDC2492294D0041D08F /* libobjc.A.dylib in Frameworks */,
			);
			runOnlyForDeploymentPostprocessing = 0;
		};
/* End PBXFrameworksBuildPhase section */

/* Begin PBXGroup section */
		8512EDB62492290C0041D08F = {
			isa = PBXGroup;
			children = (
				8512EDC9249229250041D08F /* objc.xcodeproj */,
				8512EDC12492290C0041D08F /* objc_debug */,
				8512EDC02492290C0041D08F /* Products */,
				8512EDDB2492294D0041D08F /* Frameworks */,
			);
			sourceTree = "<group>";
		};
		8512EDC02492290C0041D08F /* Products */ = {
			isa = PBXGroup;
			children = (
				8512EDBF2492290C0041D08F /* objc_debug */,
			);
			name = Products;
			sourceTree = "<group>";
		};
		8512EDC12492290C0041D08F /* objc_debug */ = {
			isa = PBXGroup;
			children = (
				8512EDC22492290C0041D08F /* main.m */,
			);
			path = objc_debug;
			sourceTree = "<group>";
		};
		8512EDCA249229250041D08F /* Products */ = {
			isa = PBXGroup;
			children = (
				8512EDD1249229250041D08F /* libobjc.A.dylib */,
				8512EDD3249229250041D08F /* libobjc-trampolines.dylib */,
			);
			name = Products;
			sourceTree = "<group>";
		};
		8512EDDB2492294D0041D08F /* Frameworks */ = {
			isa = PBXGroup;
			children = (
			);
			name = Frameworks;
			sourceTree = "<group>";
		};
/* End PBXGroup section */

/* Begin PBXNativeTarget section */
		8512EDBE2492290C0041D08F /* objc_debug */ = {
			isa = PBXNativeTarget;
			buildConfigurationList = 8512EDC62492290C0041D08F /* Build configuration list for PBXNativeTarget "objc_debug" */;
			buildPhases = (
				8512EDBB2492290C0041D08F /* Sources */,
				8512EDBC2492290C0041D08F /* Frameworks */,
				8512EDBD2492290C0041D08F /* CopyFiles */,
			);
			buildRules = (
			);
			dependencies = (
				8512EDD6249229470041D08F /* PBXTargetDependency */,
			);
			name = objc_debug;
			productName = objc_debug;
			productReference = 8512EDBF2492290C0041D08F /* objc_debug */;
			productType = "com.apple.product-type.tool";
		};
/* End PBXNativeTarget section */

/* Begin PBXProject section */
		8512EDB72492290C0041D08F /* Project object */ = {
			isa = PBXProject;
			attributes = {
				LastUpgradeCheck = 1150;
				ORGANIZATIONNAME = EM;
				TargetAttributes = {
					8512EDBE2492290C0041D08F = {
						CreatedOnToolsVersion = 11.5;
					};
				};
			};
			buildConfigurationList = 8512EDBA2492290C0041D08F /* Build configuration list for PBXProject "objc_debug" */;
			compatibilityVersion = "Xcode 9.3";
			developmentRegion = en;
			hasScannedForEncodings = 0;
			knownRegions = (
				en,
				Base,
			);
			mainGroup = 8512EDB62492290C0041D08F;
			productRefGroup = 8512EDC02492290C0041D08F /* Products */;
			projectDirPath = "";
			projectReferences = (
				{
					ProductGroup = 8512EDCA249229250041D08F /* Products */;
					ProjectRef = 8512EDC9249229250041D08F /* objc.xcodeproj */;
				},
			);
			projectRoot = "";
			targets = (
				8512EDBE2492290C0041D08F /* objc_debug */,
			);
		};
/* End PBXProject section */

/* Begin PBXReferenceProxy section */
		8512EDD1249229250041D08F /* libobjc.A.dylib */ = {
			isa = PBXReferenceProxy;
			fileType = "compiled.mach-o.dylib";
			path = libobjc.A.dylib;
			remoteRef = 8512EDD0249229250041D08F /* PBXContainerItemProxy */;
			sourceTree = BUILT_PRODUCTS_DIR;
		};
		8512EDD3249229250041D08F /* libobjc-trampolines.dylib */ = {
			isa = PBXReferenceProxy;
			fileType = "compiled.mach-o.dylib";
			path = "libobjc-trampolines.dylib";
			remoteRef = 8512EDD2249229250041D08F /* PBXContainerItemProxy */;
			sourceTree = BUILT_PRODUCTS_DIR;
		};
/* End PBXReferenceProxy section */

/* Begin PBXSourcesBuildPhase section */
		8512EDBB2492290C0041D08F /* Sources */ = {
			isa = PBXSourcesBuildPhase;
			buildActionMask = 2147483647;
			files = (
				8512EDC32492290C0041D08F /* main.m in Sources */,
			);
			runOnlyForDeploymentPostprocessing = 0;
		};
/* End PBXSourcesBuildPhase section */

/* Begin PBXTargetDependency section */
		8512EDD6249229470041D08F /* PBXTargetDependency */ = {
			isa = PBXTargetDependency;
			name = objc;
			targetProxy = 8512EDD5249229470041D08F /* PBXContainerItemProxy */;
		};
/* End PBXTargetDependency section */

/* Begin XCBuildConfiguration section */
		8512EDC42492290C0041D08F /* Debug */ = {
			isa = XCBuildConfiguration;
			buildSettings = {
				ALWAYS_SEARCH_USER_PATHS = NO;
				CLANG_ANALYZER_NONNULL = YES;
				CLANG_ANALYZER_NUMBER_OBJECT_CONVERSION = YES_AGGRESSIVE;
				CLANG_CXX_LANGUAGE_STANDARD = "gnu++14";
				CLANG_CXX_LIBRARY = "libc++";
				CLANG_ENABLE_MODULES = YES;
				CLANG_ENABLE_OBJC_ARC = YES;
				CLANG_ENABLE_OBJC_WEAK = YES;
				CLANG_WARN_BLOCK_CAPTURE_AUTORELEASING = YES;
				CLANG_WARN_BOOL_CONVERSION = YES;
				CLANG_WARN_COMMA = YES;
				CLANG_WARN_CONSTANT_CONVERSION = YES;
				CLANG_WARN_DEPRECATED_OBJC_IMPLEMENTATIONS = YES;
				CLANG_WARN_DIRECT_OBJC_ISA_USAGE = YES_ERROR;
				CLANG_WARN_DOCUMENTATION_COMMENTS = YES;
				CLANG_WARN_EMPTY_BODY = YES;
				CLANG_WARN_ENUM_CONVERSION = YES;
				CLANG_WARN_INFINITE_RECURSION = YES;
				CLANG_WARN_INT_CONVERSION = YES;
				CLANG_WARN_NON_LITERAL_NULL_CONVERSION = YES;
				CLANG_WARN_OBJC_IMPLICIT_RETAIN_SELF = YES;
				CLANG_WARN_OBJC_LITERAL_CONVERSION = YES;
				CLANG_WARN_OBJC_ROOT_CLASS = YES_ERROR;
				CLANG_WARN_RANGE_LOOP_ANALYSIS = YES;
				CLANG_WARN_STRICT_PROTOTYPES = YES;
				CLANG_WARN_SUSPICIOUS_MOVE = YES;
				CLANG_WARN_UNGUARDED_AVAILABILITY = YES_AGGRESSIVE;
				CLANG_WARN_UNREACHABLE_CODE = YES;
				CLANG_WARN__DUPLICATE_METHOD_MATCH = YES;
				COPY_PHASE_STRIP = NO;
				DEBUG_INFORMATION_FORMAT = dwarf;
				ENABLE_STRICT_OBJC_MSGSEND = YES;
				ENABLE_TESTABILITY = YES;
				GCC_C_LANGUAGE_STANDARD = gnu11;
				GCC_DYNAMIC_NO_PIC = NO;
				GCC_NO_COMMON_BLOCKS = YES;
				GCC_OPTIMIZATION_LEVEL = 0;
				GCC_PREPROCESSOR_DEFINITIONS = (
					"DEBUG=1",
					"$(inherited)",
				);
				GCC_WARN_64_TO_32_BIT_CONVERSION = YES;
				GCC_WARN_ABOUT_RETURN_TYPE = YES_ERROR;
				GCC_WARN_UNDECLARED_SELECTOR = YES;
				GCC_WARN_UNINITIALIZED_AUTOS = YES_AGGRESSIVE;
				GCC_WARN_UNUSED_FUNCTION = YES;
				GCC_WARN_UNUSED_VARIABLE = YES;
				MACOSX_DEPLOYMENT_TARGET = 10.15;
				MTL_ENABLE_DEBUG_INFO = INCLUDE_SOURCE;
				MTL_FAST_MATH = YES;
				ONLY_ACTIVE_ARCH = YES;
				SDKROOT = macosx;
			};
			name = Debug;
		};
		8512EDC52492290C0041D08F /* Release */ = {
			isa = XCBuildConfiguration;
			buildSettings = {
				ALWAYS_SEARCH_USER_PATHS = NO;
				CLANG_ANALYZER_NONNULL = YES;
				CLANG_ANALYZER_NUMBER_OBJECT_CONVERSION = YES_AGGRESSIVE;
				CLANG_CXX_LANGUAGE_STANDARD = "gnu++14";
				CLANG_CXX_LIBRARY = "libc++";
				CLANG_ENABLE_MODULES = YES;
				CLANG_ENABLE_OBJC_ARC = YES;
				CLANG_ENABLE_OBJC_WEAK = YES;
				CLANG_WARN_BLOCK_CAPTURE_AUTORELEASING = YES;
				CLANG_WARN_BOOL_CONVERSION = YES;
				CLANG_WARN_COMMA = YES;
				CLANG_WARN_CONSTANT_CONVERSION = YES;
				CLANG_WARN_DEPRECATED_OBJC_IMPLEMENTATIONS = YES;
				CLANG_WARN_DIRECT_OBJC_ISA_USAGE = YES_ERROR;
				CLANG_WARN_DOCUMENTATION_COMMENTS = YES;
				CLANG_WARN_EMPTY_BODY = YES;
				CLANG_WARN_ENUM_CONVERSION = YES;
				CLANG_WARN_INFINITE_RECURSION = YES;
				CLANG_WARN_INT_CONVERSION = YES;
				CLANG_WARN_NON_LITERAL_NULL_CONVERSION = YES;
				CLANG_WARN_OBJC_IMPLICIT_RETAIN_SELF = YES;
				CLANG_WARN_OBJC_LITERAL_CONVERSION = YES;
				CLANG_WARN_OBJC_ROOT_CLASS = YES_ERROR;
				CLANG_WARN_RANGE_LOOP_ANALYSIS = YES;
				CLANG_WARN_STRICT_PROTOTYPES = YES;
				CLANG_WARN_SUSPICIOUS_MOVE = YES;
				CLANG_WARN_UNGUARDED_AVAILABILITY = YES_AGGRESSIVE;
				CLANG_WARN_UNREACHABLE_CODE = YES;
				CLANG_WARN__DUPLICATE_METHOD_MATCH = YES;
				COPY_PHASE_STRIP = NO;
				DEBUG_INFORMATION_FORMAT = "dwarf-with-dsym";
				ENABLE_NS_ASSERTIONS = NO;
				ENABLE_STRICT_OBJC_MSGSEND = YES;
				GCC_C_LANGUAGE_STANDARD = gnu11;
				GCC_NO_COMMON_BLOCKS = YES;
				GCC_WARN_64_TO_32_BIT_CONVERSION = YES;
				GCC_WARN_ABOUT_RETURN_TYPE = YES_ERROR;
				GCC_WARN_UNDECLARED_SELECTOR = YES;
				GCC_WARN_UNINITIALIZED_AUTOS = YES_AGGRESSIVE;
				GCC_WARN_UNUSED_FUNCTION = YES;
				GCC_WARN_UNUSED_VARIABLE = YES;
				MACOSX_DEPLOYMENT_TARGET = 10.15;
				MTL_ENABLE_DEBUG_INFO = NO;
				MTL_FAST_MATH = YES;
				SDKROOT = macosx;
			};
			name = Release;
		};
		8512EDC72492290C0041D08F /* Debug */ = {
			isa = XCBuildConfiguration;
			buildSettings = {
				CODE_SIGN_STYLE = Automatic;
				PRODUCT_NAME = "$(TARGET_NAME)";
			};
			name = Debug;
		};
		8512EDC82492290C0041D08F /* Release */ = {
			isa = XCBuildConfiguration;
			buildSettings = {
				CODE_SIGN_STYLE = Automatic;
				PRODUCT_NAME = "$(TARGET_NAME)";
			};
			name = Release;
		};
/* End XCBuildConfiguration section */

/* Begin XCConfigurationList section */
		8512EDBA2492290C0041D08F /* Build configuration list for PBXProject "objc_debug" */ = {
			isa = XCConfigurationList;
			buildConfigurations = (
				8512EDC42492290C0041D08F /* Debug */,
				8512EDC52492290C0041D08F /* Release */,
			);
			defaultConfigurationIsVisible = 0;
			defaultConfigurationName = Release;
		};
		8512EDC62492290C0041D08F /* Build configuration list for PBXNativeTarget "objc_debug" */ = {
			isa = XCConfigurationList;
			buildConfigurations = (
				8512EDC72492290C0041D08F /* Debug */,
				8512EDC82492290C0041D08F /* Release */,
			);
			defaultConfigurationIsVisible = 0;
			defaultConfigurationName = Release;
		};
/* End XCConfigurationList section */
	};
	rootObject = 8512EDB72492290C0041D08F /* Project object */;
}
